
Microsoft Visual Studio Solution File, Format Version 12.00
# Visual Studio Version 16
VisualStudioVersion = 16.0.31624.102
MinimumVisualStudioVersion = 10.0.40219.1
Project("{FAE04EC0-301F-11D3-BF4B-00C04F79EFBC}") = "WebApplication3", "WebApplication3.csproj", "{2548A22F-0B00-4FF6-BFF7-999E0DE4388C}"
EndProject
Global
	GlobalSection(SolutionConfigurationPlatforms) = preSolution
		Debug|Any CPU = Debug|Any CPU
		Release|Any CPU = Release|Any CPU
	EndGlobalSection
	GlobalSection(ProjectConfigurationPlatforms) = postSolution
		{2548A22F-0B00-4FF6-BFF7-999E0DE4388C}.Debug|Any CPU.ActiveCfg = Debug|Any CPU
		{2548A22F-0B00-4FF6-BFF7-999E0DE4388C}.Debug|Any CPU.Build.0 = Debug|Any CPU
		{2548A22F-0B00-4FF6-BFF7-999E0DE4388C}.Release|Any CPU.ActiveCfg = Release|Any CPU
		{2548A22F-0B00-4FF6-BFF7-999E0DE4388C}.Release|Any CPU.Build.0 = Release|Any CPU
	EndGlobalSection
	GlobalSection(SolutionProperties) = preSolution
		HideSolutionNode = FALSE
	EndGlobalSection
	GlobalSection(ExtensibilityGlobals) = postSolution
		SolutionGuid = {19B36480-8283-4B37-A886-D7CB6AC731CA}
	EndGlobalSection
EndGlobal
